
Microsoft Visual Studio Solution File, Format Version 12.00
# Visual Studio Version 16
VisualStudioVersion = 16.0.33027.164
MinimumVisualStudioVersion = 10.0.40219.1
Project("{FAE04EC0-301F-11D3-BF4B-00C04F79EFBC}") = "OuterWildsEuskaraz", "OuterWildsEuskaraz\OuterWildsEuskaraz.csproj", "{F63AE09F-49CA-4307-A21D-BDDD6D814E6E}"
EndProject
Global
	GlobalSection(SolutionConfigurationPlatforms) = preSolution
		Debug|Any CPU = Debug|Any CPU
		Release|Any CPU = Release|Any CPU
	EndGlobalSection
	GlobalSection(ProjectConfigurationPlatforms) = postSolution
		{F63AE09F-49CA-4307-A21D-BDDD6D814E6E}.Debug|Any CPU.ActiveCfg = Debug|Any CPU
		{F63AE09F-49CA-4307-A21D-BDDD6D814E6E}.Debug|Any CPU.Build.0 = Debug|Any CPU
		{F63AE09F-49CA-4307-A21D-BDDD6D814E6E}.Release|Any CPU.ActiveCfg = Release|Any CPU
		{F63AE09F-49CA-4307-A21D-BDDD6D814E6E}.Release|Any CPU.Build.0 = Release|Any CPU
	EndGlobalSection
	GlobalSection(SolutionProperties) = preSolution
		HideSolutionNode = FALSE
	EndGlobalSection
	GlobalSection(ExtensibilityGlobals) = postSolution
		SolutionGuid = {F513C7EB-8318-4AE1-A226-AB12D7AB041A}
	EndGlobalSection
EndGlobal
